
Microsoft Visual Studio Solution File, Format Version 12.00
# Visual Studio 15
VisualStudioVersion = 15.0.26124.0
MinimumVisualStudioVersion = 15.0.26124.0
Project("{FAE04EC0-301F-11D3-BF4B-00C04F79EFBC}") = "application", "Api.Application\application.csproj", "{346B0A03-AE7D-40F4-99F3-386C7D204F85}"
EndProject
Project("{FAE04EC0-301F-11D3-BF4B-00C04F79EFBC}") = "Domain", "Api.Domain\Domain.csproj", "{46105177-8F6D-4261-B659-864E4BC0662E}"
EndProject
Project("{FAE04EC0-301F-11D3-BF4B-00C04F79EFBC}") = "CrossCutting", "Api.CrossCutting\CrossCutting.csproj", "{C0D573C1-615C-4A1A-8EED-2F8D106938A8}"
EndProject
Project("{FAE04EC0-301F-11D3-BF4B-00C04F79EFBC}") = "Data", "Api.Data\Data.csproj", "{68072622-E001-4D28-A568-4417AC17156F}"
EndProject
Project("{FAE04EC0-301F-11D3-BF4B-00C04F79EFBC}") = "Service", "Api.Service\Service.csproj", "{470113DA-AB6B-4B4B-90BB-AE1B14D1D04D}"
EndProject
Global
	GlobalSection(SolutionConfigurationPlatforms) = preSolution
		Debug|Any CPU = Debug|Any CPU
		Debug|x64 = Debug|x64
		Debug|x86 = Debug|x86
		Release|Any CPU = Release|Any CPU
		Release|x64 = Release|x64
		Release|x86 = Release|x86
	EndGlobalSection
	GlobalSection(SolutionProperties) = preSolution
		HideSolutionNode = FALSE
	EndGlobalSection
	GlobalSection(ProjectConfigurationPlatforms) = postSolution
		{346B0A03-AE7D-40F4-99F3-386C7D204F85}.Debug|Any CPU.ActiveCfg = Debug|Any CPU
		{346B0A03-AE7D-40F4-99F3-386C7D204F85}.Debug|Any CPU.Build.0 = Debug|Any CPU
		{346B0A03-AE7D-40F4-99F3-386C7D204F85}.Debug|x64.ActiveCfg = Debug|Any CPU
		{346B0A03-AE7D-40F4-99F3-386C7D204F85}.Debug|x64.Build.0 = Debug|Any CPU
		{346B0A03-AE7D-40F4-99F3-386C7D204F85}.Debug|x86.ActiveCfg = Debug|Any CPU
		{346B0A03-AE7D-40F4-99F3-386C7D204F85}.Debug|x86.Build.0 = Debug|Any CPU
		{346B0A03-AE7D-40F4-99F3-386C7D204F85}.Release|Any CPU.ActiveCfg = Release|Any CPU
		{346B0A03-AE7D-40F4-99F3-386C7D204F85}.Release|Any CPU.Build.0 = Release|Any CPU
		{346B0A03-AE7D-40F4-99F3-386C7D204F85}.Release|x64.ActiveCfg = Release|Any CPU
		{346B0A03-AE7D-40F4-99F3-386C7D204F85}.Release|x64.Build.0 = Release|Any CPU
		{346B0A03-AE7D-40F4-99F3-386C7D204F85}.Release|x86.ActiveCfg = Release|Any CPU
		{346B0A03-AE7D-40F4-99F3-386C7D204F85}.Release|x86.Build.0 = Release|Any CPU
		{46105177-8F6D-4261-B659-864E4BC0662E}.Debug|Any CPU.ActiveCfg = Debug|Any CPU
		{46105177-8F6D-4261-B659-864E4BC0662E}.Debug|Any CPU.Build.0 = Debug|Any CPU
		{46105177-8F6D-4261-B659-864E4BC0662E}.Debug|x64.ActiveCfg = Debug|Any CPU
		{46105177-8F6D-4261-B659-864E4BC0662E}.Debug|x64.Build.0 = Debug|Any CPU
		{46105177-8F6D-4261-B659-864E4BC0662E}.Debug|x86.ActiveCfg = Debug|Any CPU
		{46105177-8F6D-4261-B659-864E4BC0662E}.Debug|x86.Build.0 = Debug|Any CPU
		{46105177-8F6D-4261-B659-864E4BC0662E}.Release|Any CPU.ActiveCfg = Release|Any CPU
		{46105177-8F6D-4261-B659-864E4BC0662E}.Release|Any CPU.Build.0 = Release|Any CPU
		{46105177-8F6D-4261-B659-864E4BC0662E}.Release|x64.ActiveCfg = Release|Any CPU
		{46105177-8F6D-4261-B659-864E4BC0662E}.Release|x64.Build.0 = Release|Any CPU
		{46105177-8F6D-4261-B659-864E4BC0662E}.Release|x86.ActiveCfg = Release|Any CPU
		{46105177-8F6D-4261-B659-864E4BC0662E}.Release|x86.Build.0 = Release|Any CPU
		{C0D573C1-615C-4A1A-8EED-2F8D106938A8}.Debug|Any CPU.ActiveCfg = Debug|Any CPU
		{C0D573C1-615C-4A1A-8EED-2F8D106938A8}.Debug|Any CPU.Build.0 = Debug|Any CPU
		{C0D573C1-615C-4A1A-8EED-2F8D106938A8}.Debug|x64.ActiveCfg = Debug|Any CPU
		{C0D573C1-615C-4A1A-8EED-2F8D106938A8}.Debug|x64.Build.0 = Debug|Any CPU
		{C0D573C1-615C-4A1A-8EED-2F8D106938A8}.Debug|x86.ActiveCfg = Debug|Any CPU
		{C0D573C1-615C-4A1A-8EED-2F8D106938A8}.Debug|x86.Build.0 = Debug|Any CPU
		{C0D573C1-615C-4A1A-8EED-2F8D106938A8}.Release|Any CPU.ActiveCfg = Release|Any CPU
		{C0D573C1-615C-4A1A-8EED-2F8D106938A8}.Release|Any CPU.Build.0 = Release|Any CPU
		{C0D573C1-615C-4A1A-8EED-2F8D106938A8}.Release|x64.ActiveCfg = Release|Any CPU
		{C0D573C1-615C-4A1A-8EED-2F8D106938A8}.Release|x64.Build.0 = Release|Any CPU
		{C0D573C1-615C-4A1A-8EED-2F8D106938A8}.Release|x86.ActiveCfg = Release|Any CPU
		{C0D573C1-615C-4A1A-8EED-2F8D106938A8}.Release|x86.Build.0 = Release|Any CPU
		{68072622-E001-4D28-A568-4417AC17156F}.Debug|Any CPU.ActiveCfg = Debug|Any CPU
		{68072622-E001-4D28-A568-4417AC17156F}.Debug|Any CPU.Build.0 = Debug|Any CPU
		{68072622-E001-4D28-A568-4417AC17156F}.Debug|x64.ActiveCfg = Debug|Any CPU
		{68072622-E001-4D28-A568-4417AC17156F}.Debug|x64.Build.0 = Debug|Any CPU
		{68072622-E001-4D28-A568-4417AC17156F}.Debug|x86.ActiveCfg = Debug|Any CPU
		{68072622-E001-4D28-A568-4417AC17156F}.Debug|x86.Build.0 = Debug|Any CPU
		{68072622-E001-4D28-A568-4417AC17156F}.Release|Any CPU.ActiveCfg = Release|Any CPU
		{68072622-E001-4D28-A568-4417AC17156F}.Release|Any CPU.Build.0 = Release|Any CPU
		{68072622-E001-4D28-A568-4417AC17156F}.Release|x64.ActiveCfg = Release|Any CPU
		{68072622-E001-4D28-A568-4417AC17156F}.Release|x64.Build.0 = Release|Any CPU
		{68072622-E001-4D28-A568-4417AC17156F}.Release|x86.ActiveCfg = Release|Any CPU
		{68072622-E001-4D28-A568-4417AC17156F}.Release|x86.Build.0 = Release|Any CPU
		{470113DA-AB6B-4B4B-90BB-AE1B14D1D04D}.Debug|Any CPU.ActiveCfg = Debug|Any CPU
		{470113DA-AB6B-4B4B-90BB-AE1B14D1D04D}.Debug|Any CPU.Build.0 = Debug|Any CPU
		{470113DA-AB6B-4B4B-90BB-AE1B14D1D04D}.Debug|x64.ActiveCfg = Debug|Any CPU
		{470113DA-AB6B-4B4B-90BB-AE1B14D1D04D}.Debug|x64.Build.0 = Debug|Any CPU
		{470113DA-AB6B-4B4B-90BB-AE1B14D1D04D}.Debug|x86.ActiveCfg = Debug|Any CPU
		{470113DA-AB6B-4B4B-90BB-AE1B14D1D04D}.Debug|x86.Build.0 = Debug|Any CPU
		{470113DA-AB6B-4B4B-90BB-AE1B14D1D04D}.Release|Any CPU.ActiveCfg = Release|Any CPU
		{470113DA-AB6B-4B4B-90BB-AE1B14D1D04D}.Release|Any CPU.Build.0 = Release|Any CPU
		{470113DA-AB6B-4B4B-90BB-AE1B14D1D04D}.Release|x64.ActiveCfg = Release|Any CPU
		{470113DA-AB6B-4B4B-90BB-AE1B14D1D04D}.Release|x64.Build.0 = Release|Any CPU
		{470113DA-AB6B-4B4B-90BB-AE1B14D1D04D}.Release|x86.ActiveCfg = Release|Any CPU
		{470113DA-AB6B-4B4B-90BB-AE1B14D1D04D}.Release|x86.Build.0 = Release|Any CPU
	EndGlobalSection
EndGlobal
